
Microsoft Visual Studio Solution File, Format Version 12.00
# Visual Studio Version 17
VisualStudioVersion = 17.12.35527.113 d17.12
MinimumVisualStudioVersion = 10.0.40219.1
Project("{FAE04EC0-301F-11D3-BF4B-00C04F79EFBC}") = "Desafio1", "DesafioGFT\Desafio1.csproj", "{20118903-758F-484F-8BFD-AE1270247E14}"
EndProject
Project("{FAE04EC0-301F-11D3-BF4B-00C04F79EFBC}") = "Desafio2", "Desafio2\Desafio2.csproj", "{96F912DF-F2E8-452D-9028-480DF8F43B16}"
EndProject
Project("{2150E333-8FDC-42A3-9474-1A3956D46DE8}") = "Desafio3", "Desafio3", "{93B04632-5F7E-4FB1-828A-EE7AC2E1EB4C}"
	ProjectSection(SolutionItems) = preProject
		Desafio3.txt = Desafio3.txt
	EndProjectSection
EndProject
Global
	GlobalSection(SolutionConfigurationPlatforms) = preSolution
		Debug|Any CPU = Debug|Any CPU
		Release|Any CPU = Release|Any CPU
	EndGlobalSection
	GlobalSection(ProjectConfigurationPlatforms) = postSolution
		{20118903-758F-484F-8BFD-AE1270247E14}.Debug|Any CPU.ActiveCfg = Debug|Any CPU
		{20118903-758F-484F-8BFD-AE1270247E14}.Debug|Any CPU.Build.0 = Debug|Any CPU
		{20118903-758F-484F-8BFD-AE1270247E14}.Release|Any CPU.ActiveCfg = Release|Any CPU
		{20118903-758F-484F-8BFD-AE1270247E14}.Release|Any CPU.Build.0 = Release|Any CPU
		{96F912DF-F2E8-452D-9028-480DF8F43B16}.Debug|Any CPU.ActiveCfg = Debug|Any CPU
		{96F912DF-F2E8-452D-9028-480DF8F43B16}.Debug|Any CPU.Build.0 = Debug|Any CPU
		{96F912DF-F2E8-452D-9028-480DF8F43B16}.Release|Any CPU.ActiveCfg = Release|Any CPU
		{96F912DF-F2E8-452D-9028-480DF8F43B16}.Release|Any CPU.Build.0 = Release|Any CPU
	EndGlobalSection
	GlobalSection(SolutionProperties) = preSolution
		HideSolutionNode = FALSE
	EndGlobalSection
EndGlobal
